{
  "name": "mogan-loro-server",
  "version": "0.1.0",
  "lockfileVersion": 3,
  "requires": true,
  "packages": {
    "": {
      "name": "mogan-loro-server",
      "version": "0.1.0",
      "dependencies": {
        "loro-crdt": "^1.5.0",
        "ws": "^8.18.0"
      },
      "engines": {
        "node": ">=20"
      }
    },
    "node_modules/loro-crdt": {
      "version": "1.13.7",
      "resolved": "https://registry.npmjs.org/loro-crdt/-/loro-crdt-1.13.7.tgz",
      "integrity": "sha512-tOvBUBSVseebXx8L5TMEdVYwgTOVZMMUtA9tQAs2vpPNRx/hClsLGhjmo9D3J4LopCVrQ6cuj3ZdBeyxQheWAg==",
      "license": "MIT"
    },
    "node_modules/ws": {
      "version": "8.21.1",
      "resolved": "https://registry.npmjs.org/ws/-/ws-8.21.1.tgz",
      "integrity": "sha512-+0NTnW77fFN/DjQi6k/Sq/Yvk4Sgajw7urW8V+asjXnRgDs9gyGkdb7EzgfhA4goXsRIZKE28fzIXBHEzhuiWw==",
      "license": "MIT",
      "engines": {
        "node": ">=10.0.0"
      },
      "peerDependencies": {
        "bufferutil": "^4.0.1",
        "utf-8-validate": ">=5.0.2"
      },
      "peerDependenciesMeta": {
        "bufferutil": {
          "optional": true
        },
        "utf-8-validate": {
          "optional": true
        }
      }
    }
  }
}
